{
  "originHash" : "85384b20c64280d9ec169c5d22b9aa6c72c1c6ed5347cc60d956c504b0b32ea1",
  "pins" : [
    {
      "identity" : "defaults",
      "kind" : "remoteSourceControl",
      "location" : "https://github.com/sindresorhus/Defaults",
      "state" : {
        "revision" : "38925e3cfacf3fb89a81a35b1cd44fd5a5b7e0fa",
        "version" : "8.2.0"
      }
    },
    {
      "identity" : "maplibre-gl-native-distribution",
      "kind" : "remoteSourceControl",
      "location" : "https://github.com/maplibre/maplibre-gl-native-distribution",
      "state" : {
        "revision" : "60d9bb85c94ce6e7fc4406cd32529fd12bdb7809",
        "version" : "6.14.0"
      }
    },
    {
      "identity" : "stripe-apple-pay",
      "kind" : "remoteSourceControl",
      "location" : "https://github.com/CodeLikeW/stripe-apple-pay",
      "state" : {
        "revision" : "f88ad4685e09c154370a441fa7bafd48f553a3bb",
        "version" : "25.7.2"
      }
    },
    {
      "identity" : "stripe-core",
      "kind" : "remoteSourceControl",
      "location" : "https://github.com/CodeLikeW/stripe-core",
      "state" : {
        "revision" : "ef6d95d4a74796bb739df49dc41d24f1d58a6d2a",
        "version" : "25.7.2"
      }
    },
    {
      "identity" : "swift-system",
      "kind" : "remoteSourceControl",
      "location" : "https://github.com/apple/swift-system",
      "state" : {
        "revision" : "b083113aef646d9d35403ca17e9789b750e42d1d"
      }
    },
    {
      "identity" : "zipfoundation",
      "kind" : "remoteSourceControl",
      "location" : "https://github.com/weichsel/ZIPFoundation",
      "state" : {
        "revision" : "22787ffb59de99e5dc1fbfe80b19c97a904ad48d",
        "version" : "0.9.20"
      }
    }
  ],
  "version" : 3
}
